
Microsoft Visual Studio Solution File, Format Version 12.00
# Visual Studio Version 17
VisualStudioVersion = 17.14.36310.24 d17.14
MinimumVisualStudioVersion = 10.0.40219.1
Project("{FAE04EC0-301F-11D3-BF4B-00C04F79EFBC}") = "InternalBookingSystem", "InternalBookingSystem\InternalBookingSystem.csproj", "{971F66F1-EB7C-4F7F-A8F8-D0A2254CBF8F}"
EndProject
Global
	GlobalSection(SolutionConfigurationPlatforms) = preSolution
		Debug|Any CPU = Debug|Any CPU
		Release|Any CPU = Release|Any CPU
	EndGlobalSection
	GlobalSection(ProjectConfigurationPlatforms) = postSolution
		{971F66F1-EB7C-4F7F-A8F8-D0A2254CBF8F}.Debug|Any CPU.ActiveCfg = Debug|Any CPU
		{971F66F1-EB7C-4F7F-A8F8-D0A2254CBF8F}.Debug|Any CPU.Build.0 = Debug|Any CPU
		{971F66F1-EB7C-4F7F-A8F8-D0A2254CBF8F}.Release|Any CPU.ActiveCfg = Release|Any CPU
		{971F66F1-EB7C-4F7F-A8F8-D0A2254CBF8F}.Release|Any CPU.Build.0 = Release|Any CPU
	EndGlobalSection
	GlobalSection(SolutionProperties) = preSolution
		HideSolutionNode = FALSE
	EndGlobalSection
	GlobalSection(ExtensibilityGlobals) = postSolution
		SolutionGuid = {633A53B5-DC3F-4F27-9B4D-4841BA1A88E6}
	EndGlobalSection
EndGlobal
